// !$*UTF8*$!
{
	archiveVersion = 1;
	classes = {
	};
	objectVersion = 55;
	objects = {

/* Begin PBXBuildFile section */
		237E23BB27B414DE005EB1F4 /* EssentalFeed.docc in Sources */ = {isa = PBXBuildFile; fileRef = 237E23BA27B414DE005EB1F4 /* EssentalFeed.docc */; };
		237E23BC27B414DE005EB1F4 /* EssentalFeed.h in Headers */ = {isa = PBXBuildFile; fileRef = 237E23B927B414DE005EB1F4 /* EssentalFeed.h */; settings = {ATTRIBUTES = (Public, ); }; };
		237E23C927B41536005EB1F4 /* RemoteFeedLoaderTests.swift in Sources */ = {isa = PBXBuildFile; fileRef = 237E23C827B41536005EB1F4 /* RemoteFeedLoaderTests.swift */; };
		237E23CA27B41536005EB1F4 /* EssentalFeed.framework in Frameworks */ = {isa = PBXBuildFile; fileRef = 237E23B627B414DE005EB1F4 /* EssentalFeed.framework */; };
		237E23D127B41555005EB1F4 /* FeedItem.swift in Sources */ = {isa = PBXBuildFile; fileRef = 237E23D027B41555005EB1F4 /* FeedItem.swift */; };
		237E23D327B416AB005EB1F4 /* FeedLoader.swift in Sources */ = {isa = PBXBuildFile; fileRef = 237E23D227B416AB005EB1F4 /* FeedLoader.swift */; };
		2396391027C7043C0003D343 /* HTTPClient.swift in Sources */ = {isa = PBXBuildFile; fileRef = 2396390F27C7043C0003D343 /* HTTPClient.swift */; };
		2396391227C704740003D343 /* FeedItemsMapper.swift in Sources */ = {isa = PBXBuildFile; fileRef = 2396391127C704740003D343 /* FeedItemsMapper.swift */; };
		23B3E6A327CA8CC00049D7D0 /* URLSessionHTTPClientTests.swift in Sources */ = {isa = PBXBuildFile; fileRef = 23B3E6A227CA8CC00049D7D0 /* URLSessionHTTPClientTests.swift */; };
		23B3E6FE27CE69800049D7D0 /* XCTestCase+MemeoryLeakTrackingHelper.swift in Sources */ = {isa = PBXBuildFile; fileRef = 23B3E6FD27CE69800049D7D0 /* XCTestCase+MemeoryLeakTrackingHelper.swift */; };
		23C6374627B49E0C00D31C3F /* RemoteFeedLoader.swift in Sources */ = {isa = PBXBuildFile; fileRef = 23C6374527B49E0C00D31C3F /* RemoteFeedLoader.swift */; };
/* End PBXBuildFile section */

/* Begin PBXContainerItemProxy section */
		237E23CB27B41536005EB1F4 /* PBXContainerItemProxy */ = {
			isa = PBXContainerItemProxy;
			containerPortal = 237E23AD27B414DE005EB1F4 /* Project object */;
			proxyType = 1;
			remoteGlobalIDString = 237E23B527B414DE005EB1F4;
			remoteInfo = EssentalFeed;
		};
/* End PBXContainerItemProxy section */

/* Begin PBXFileReference section */
		237E23B627B414DE005EB1F4 /* EssentalFeed.framework */ = {isa = PBXFileReference; explicitFileType = wrapper.framework; includeInIndex = 0; path = EssentalFeed.framework; sourceTree = BUILT_PRODUCTS_DIR; };
		237E23B927B414DE005EB1F4 /* EssentalFeed.h */ = {isa = PBXFileReference; lastKnownFileType = sourcecode.c.h; path = EssentalFeed.h; sourceTree = "<group>"; };
		237E23BA27B414DE005EB1F4 /* EssentalFeed.docc */ = {isa = PBXFileReference; lastKnownFileType = folder.documentationcatalog; path = EssentalFeed.docc; sourceTree = "<group>"; };
		237E23C627B41536005EB1F4 /* EssentalFeedTests.xctest */ = {isa = PBXFileReference; explicitFileType = wrapper.cfbundle; includeInIndex = 0; path = EssentalFeedTests.xctest; sourceTree = BUILT_PRODUCTS_DIR; };
		237E23C827B41536005EB1F4 /* RemoteFeedLoaderTests.swift */ = {isa = PBXFileReference; lastKnownFileType = sourcecode.swift; path = RemoteFeedLoaderTests.swift; sourceTree = "<group>"; };
		237E23D027B41555005EB1F4 /* FeedItem.swift */ = {isa = PBXFileReference; lastKnownFileType = sourcecode.swift; path = FeedItem.swift; sourceTree = "<group>"; };
		237E23D227B416AB005EB1F4 /* FeedLoader.swift */ = {isa = PBXFileReference; lastKnownFileType = sourcecode.swift; path = FeedLoader.swift; sourceTree = "<group>"; };
		2396390F27C7043C0003D343 /* HTTPClient.swift */ = {isa = PBXFileReference; lastKnownFileType = sourcecode.swift; path = HTTPClient.swift; sourceTree = "<group>"; };
		2396391127C704740003D343 /* FeedItemsMapper.swift */ = {isa = PBXFileReference; lastKnownFileType = sourcecode.swift; path = FeedItemsMapper.swift; sourceTree = "<group>"; };
		23B3E6A227CA8CC00049D7D0 /* URLSessionHTTPClientTests.swift */ = {isa = PBXFileReference; lastKnownFileType = sourcecode.swift; path = URLSessionHTTPClientTests.swift; sourceTree = "<group>"; };
		23B3E6FD27CE69800049D7D0 /* XCTestCase+MemeoryLeakTrackingHelper.swift */ = {isa = PBXFileReference; lastKnownFileType = sourcecode.swift; path = "XCTestCase+MemeoryLeakTrackingHelper.swift"; sourceTree = "<group>"; };
		23C6374527B49E0C00D31C3F /* RemoteFeedLoader.swift */ = {isa = PBXFileReference; lastKnownFileType = sourcecode.swift; path = RemoteFeedLoader.swift; sourceTree = "<group>"; };
/* End PBXFileReference section */

/* Begin PBXFrameworksBuildPhase section */
		237E23B327B414DE005EB1F4 /* Frameworks */ = {
			isa = PBXFrameworksBuildPhase;
			buildActionMask = 2147483647;
			files = (
			);
			runOnlyForDeploymentPostprocessing = 0;
		};
		237E23C327B41536005EB1F4 /* Frameworks */ = {
			isa = PBXFrameworksBuildPhase;
			buildActionMask = 2147483647;
			files = (
				237E23CA27B41536005EB1F4 /* EssentalFeed.framework in Frameworks */,
			);
			runOnlyForDeploymentPostprocessing = 0;
		};
/* End PBXFrameworksBuildPhase section */

/* Begin PBXGroup section */
		237E23AC27B414DE005EB1F4 = {
			isa = PBXGroup;
			children = (
				237E23B827B414DE005EB1F4 /* EssentalFeed */,
				237E23C727B41536005EB1F4 /* EssentalFeedTests */,
				237E23B727B414DE005EB1F4 /* Products */,
			);
			sourceTree = "<group>";
		};
		237E23B727B414DE005EB1F4 /* Products */ = {
			isa = PBXGroup;
			children = (
				237E23B627B414DE005EB1F4 /* EssentalFeed.framework */,
				237E23C627B41536005EB1F4 /* EssentalFeedTests.xctest */,
			);
			name = Products;
			sourceTree = "<group>";
		};
		237E23B827B414DE005EB1F4 /* EssentalFeed */ = {
			isa = PBXGroup;
			children = (
				237E23B927B414DE005EB1F4 /* EssentalFeed.h */,
				237E23BA27B414DE005EB1F4 /* EssentalFeed.docc */,
				237E23D427B41734005EB1F4 /* FeedFeature */,
				23C6374427B49DE700D31C3F /* FeedAPI */,
			);
			path = EssentalFeed;
			sourceTree = "<group>";
		};
		237E23C727B41536005EB1F4 /* EssentalFeedTests */ = {
			isa = PBXGroup;
			children = (
				23B3E6FC27CE695E0049D7D0 /* Helpers */,
				2396391327C709EC0003D343 /* FeedAPI */,
			);
			path = EssentalFeedTests;
			sourceTree = "<group>";
		};
		237E23D427B41734005EB1F4 /* FeedFeature */ = {
			isa = PBXGroup;
			children = (
				237E23D027B41555005EB1F4 /* FeedItem.swift */,
				237E23D227B416AB005EB1F4 /* FeedLoader.swift */,
			);
			path = FeedFeature;
			sourceTree = "<group>";
		};
		2396391327C709EC0003D343 /* FeedAPI */ = {
			isa = PBXGroup;
			children = (
				237E23C827B41536005EB1F4 /* RemoteFeedLoaderTests.swift */,
				23B3E6A227CA8CC00049D7D0 /* URLSessionHTTPClientTests.swift */,
			);
			path = FeedAPI;
			sourceTree = "<group>";
		};
		23B3E6FC27CE695E0049D7D0 /* Helpers */ = {
			isa = PBXGroup;
			children = (
				23B3E6FD27CE69800049D7D0 /* XCTestCase+MemeoryLeakTrackingHelper.swift */,
			);
			path = Helpers;
			sourceTree = "<group>";
		};
		23C6374427B49DE700D31C3F /* FeedAPI */ = {
			isa = PBXGroup;
			children = (
				23C6374527B49E0C00D31C3F /* RemoteFeedLoader.swift */,
				2396390F27C7043C0003D343 /* HTTPClient.swift */,
				2396391127C704740003D343 /* FeedItemsMapper.swift */,
			);
			path = FeedAPI;
			sourceTree = "<group>";
		};
/* End PBXGroup section */

/* Begin PBXHeadersBuildPhase section */
		237E23B127B414DE005EB1F4 /* Headers */ = {
			isa = PBXHeadersBuildPhase;
			buildActionMask = 2147483647;
			files = (
				237E23BC27B414DE005EB1F4 /* EssentalFeed.h in Headers */,
			);
			runOnlyForDeploymentPostprocessing = 0;
		};
/* End PBXHeadersBuildPhase section */

/* Begin PBXNativeTarget section */
		237E23B527B414DE005EB1F4 /* EssentalFeed */ = {
			isa = PBXNativeTarget;
			buildConfigurationList = 237E23BF27B414DE005EB1F4 /* Build configuration list for PBXNativeTarget "EssentalFeed" */;
			buildPhases = (
				237E23B127B414DE005EB1F4 /* Headers */,
				237E23B227B414DE005EB1F4 /* Sources */,
				237E23B327B414DE005EB1F4 /* Frameworks */,
				237E23B427B414DE005EB1F4 /* Resources */,
			);
			buildRules = (
			);
			dependencies = (
			);
			name = EssentalFeed;
			productName = EssentalFeed;
			productReference = 237E23B627B414DE005EB1F4 /* EssentalFeed.framework */;
			productType = "com.apple.product-type.framework";
		};
		237E23C527B41536005EB1F4 /* EssentalFeedTests */ = {
			isa = PBXNativeTarget;
			buildConfigurationList = 237E23CF27B41536005EB1F4 /* Build configuration list for PBXNativeTarget "EssentalFeedTests" */;
			buildPhases = (
				237E23C227B41536005EB1F4 /* Sources */,
				237E23C327B41536005EB1F4 /* Frameworks */,
				237E23C427B41536005EB1F4 /* Resources */,
			);
			buildRules = (
			);
			dependencies = (
				237E23CC27B41536005EB1F4 /* PBXTargetDependency */,
			);
			name = EssentalFeedTests;
			productName = EssentalFeedTests;
			productReference = 237E23C627B41536005EB1F4 /* EssentalFeedTests.xctest */;
			productType = "com.apple.product-type.bundle.unit-test";
		};
/* End PBXNativeTarget section */

/* Begin PBXProject section */
		237E23AD27B414DE005EB1F4 /* Project object */ = {
			isa = PBXProject;
			attributes = {
				BuildIndependentTargetsInParallel = 1;
				LastSwiftUpdateCheck = 1320;
				LastUpgradeCheck = 1320;
				TargetAttributes = {
					237E23B527B414DE005EB1F4 = {
						CreatedOnToolsVersion = 13.2.1;
					};
					237E23C527B41536005EB1F4 = {
						CreatedOnToolsVersion = 13.2.1;
					};
				};
			};
			buildConfigurationList = 237E23B027B414DE005EB1F4 /* Build configuration list for PBXProject "EssentalFeed" */;
			compatibilityVersion = "Xcode 13.0";
			developmentRegion = en;
			hasScannedForEncodings = 0;
			knownRegions = (
				en,
				Base,
			);
			mainGroup = 237E23AC27B414DE005EB1F4;
			productRefGroup = 237E23B727B414DE005EB1F4 /* Products */;
			projectDirPath = "";
			projectRoot = "";
			targets = (
				237E23B527B414DE005EB1F4 /* EssentalFeed */,
				237E23C527B41536005EB1F4 /* EssentalFeedTests */,
			);
		};
/* End PBXProject section */

/* Begin PBXResourcesBuildPhase section */
		237E23B427B414DE005EB1F4 /* Resources */ = {
			isa = PBXResourcesBuildPhase;
			buildActionMask = 2147483647;
			files = (
			);
			runOnlyForDeploymentPostprocessing = 0;
		};
		237E23C427B41536005EB1F4 /* Resources */ = {
			isa = PBXResourcesBuildPhase;
			buildActionMask = 2147483647;
			files = (
			);
			runOnlyForDeploymentPostprocessing = 0;
		};
/* End PBXResourcesBuildPhase section */

/* Begin PBXSourcesBuildPhase section */
		237E23B227B414DE005EB1F4 /* Sources */ = {
			isa = PBXSourcesBuildPhase;
			buildActionMask = 2147483647;
			files = (
				23C6374627B49E0C00D31C3F /* RemoteFeedLoader.swift in Sources */,
				2396391027C7043C0003D343 /* HTTPClient.swift in Sources */,
				237E23D327B416AB005EB1F4 /* FeedLoader.swift in Sources */,
				2396391227C704740003D343 /* FeedItemsMapper.swift in Sources */,
				237E23D127B41555005EB1F4 /* FeedItem.swift in Sources */,
				237E23BB27B414DE005EB1F4 /* EssentalFeed.docc in Sources */,
			);
			runOnlyForDeploymentPostprocessing = 0;
		};
		237E23C227B41536005EB1F4 /* Sources */ = {
			isa = PBXSourcesBuildPhase;
			buildActionMask = 2147483647;
			files = (
				237E23C927B41536005EB1F4 /* RemoteFeedLoaderTests.swift in Sources */,
				23B3E6FE27CE69800049D7D0 /* XCTestCase+MemeoryLeakTrackingHelper.swift in Sources */,
				23B3E6A327CA8CC00049D7D0 /* URLSessionHTTPClientTests.swift in Sources */,
			);
			runOnlyForDeploymentPostprocessing = 0;
		};
/* End PBXSourcesBuildPhase section */

/* Begin PBXTargetDependency section */
		237E23CC27B41536005EB1F4 /* PBXTargetDependency */ = {
			isa = PBXTargetDependency;
			target = 237E23B527B414DE005EB1F4 /* EssentalFeed */;
			targetProxy = 237E23CB27B41536005EB1F4 /* PBXContainerItemProxy */;
		};
/* End PBXTargetDependency section */

/* Begin XCBuildConfiguration section */
		237E23BD27B414DE005EB1F4 /* Debug */ = {
			isa = XCBuildConfiguration;
			buildSettings = {
				ALWAYS_SEARCH_USER_PATHS = NO;
				CLANG_ANALYZER_NONNULL = YES;
				CLANG_ANALYZER_NUMBER_OBJECT_CONVERSION = YES_AGGRESSIVE;
				CLANG_CXX_LANGUAGE_STANDARD = "gnu++17";
				CLANG_CXX_LIBRARY = "libc++";
				CLANG_ENABLE_MODULES = YES;
				CLANG_ENABLE_OBJC_ARC = YES;
				CLANG_ENABLE_OBJC_WEAK = YES;
				CLANG_WARN_BLOCK_CAPTURE_AUTORELEASING = YES;
				CLANG_WARN_BOOL_CONVERSION = YES;
				CLANG_WARN_COMMA = YES;
				CLANG_WARN_CONSTANT_CONVERSION = YES;
				CLANG_WARN_DEPRECATED_OBJC_IMPLEMENTATIONS = YES;
				CLANG_WARN_DIRECT_OBJC_ISA_USAGE = YES_ERROR;
				CLANG_WARN_DOCUMENTATION_COMMENTS = YES;
				CLANG_WARN_EMPTY_BODY = YES;
				CLANG_WARN_ENUM_CONVERSION = YES;
				CLANG_WARN_INFINITE_RECURSION = YES;
				CLANG_WARN_INT_CONVERSION = YES;
				CLANG_WARN_NON_LITERAL_NULL_CONVERSION = YES;
				CLANG_WARN_OBJC_IMPLICIT_RETAIN_SELF = YES;
				CLANG_WARN_OBJC_LITERAL_CONVERSION = YES;
				CLANG_WARN_OBJC_ROOT_CLASS = YES_ERROR;
				CLANG_WARN_QUOTED_INCLUDE_IN_FRAMEWORK_HEADER = YES;
				CLANG_WARN_RANGE_LOOP_ANALYSIS = YES;
				CLANG_WARN_STRICT_PROTOTYPES = YES;
				CLANG_WARN_SUSPICIOUS_MOVE = YES;
				CLANG_WARN_UNGUARDED_AVAILABILITY = YES_AGGRESSIVE;
				CLANG_WARN_UNREACHABLE_CODE = YES;
				CLANG_WARN__DUPLICATE_METHOD_MATCH = YES;
				COPY_PHASE_STRIP = NO;
				CURRENT_PROJECT_VERSION = 1;
				DEBUG_INFORMATION_FORMAT = dwarf;
				ENABLE_STRICT_OBJC_MSGSEND = YES;
				ENABLE_TESTABILITY = YES;
				GCC_C_LANGUAGE_STANDARD = gnu11;
				GCC_DYNAMIC_NO_PIC = NO;
				GCC_NO_COMMON_BLOCKS = YES;
				GCC_OPTIMIZATION_LEVEL = 0;
				GCC_PREPROCESSOR_DEFINITIONS = (
					"DEBUG=1",
					"$(inherited)",
				);
				GCC_WARN_64_TO_32_BIT_CONVERSION = YES;
				GCC_WARN_ABOUT_RETURN_TYPE = YES_ERROR;
				GCC_WARN_UNDECLARED_SELECTOR = YES;
				GCC_WARN_UNINITIALIZED_AUTOS = YES_AGGRESSIVE;
				GCC_WARN_UNUSED_FUNCTION = YES;
				GCC_WARN_UNUSED_VARIABLE = YES;
				MACOSX_DEPLOYMENT_TARGET = 11.6;
				MTL_ENABLE_DEBUG_INFO = INCLUDE_SOURCE;
				MTL_FAST_MATH = YES;
				ONLY_ACTIVE_ARCH = YES;
				SDKROOT = macosx;
				SWIFT_ACTIVE_COMPILATION_CONDITIONS = DEBUG;
				SWIFT_OPTIMIZATION_LEVEL = "-Onone";
				VERSIONING_SYSTEM = "apple-generic";
				VERSION_INFO_PREFIX = "";
			};
			name = Debug;
		};
		237E23BE27B414DE005EB1F4 /* Release */ = {
			isa = XCBuildConfiguration;
			buildSettings = {
				ALWAYS_SEARCH_USER_PATHS = NO;
				CLANG_ANALYZER_NONNULL = YES;
				CLANG_ANALYZER_NUMBER_OBJECT_CONVERSION = YES_AGGRESSIVE;
				CLANG_CXX_LANGUAGE_STANDARD = "gnu++17";
				CLANG_CXX_LIBRARY = "libc++";
				CLANG_ENABLE_MODULES = YES;
				CLANG_ENABLE_OBJC_ARC = YES;
				CLANG_ENABLE_OBJC_WEAK = YES;
				CLANG_WARN_BLOCK_CAPTURE_AUTORELEASING = YES;
				CLANG_WARN_BOOL_CONVERSION = YES;
				CLANG_WARN_COMMA = YES;
				CLANG_WARN_CONSTANT_CONVERSION = YES;
				CLANG_WARN_DEPRECATED_OBJC_IMPLEMENTATIONS = YES;
				CLANG_WARN_DIRECT_OBJC_ISA_USAGE = YES_ERROR;
				CLANG_WARN_DOCUMENTATION_COMMENTS = YES;
				CLANG_WARN_EMPTY_BODY = YES;
				CLANG_WARN_ENUM_CONVERSION = YES;
				CLANG_WARN_INFINITE_RECURSION = YES;
				CLANG_WARN_INT_CONVERSION = YES;
				CLANG_WARN_NON_LITERAL_NULL_CONVERSION = YES;
				CLANG_WARN_OBJC_IMPLICIT_RETAIN_SELF = YES;
				CLANG_WARN_OBJC_LITERAL_CONVERSION = YES;
				CLANG_WARN_OBJC_ROOT_CLASS = YES_ERROR;
				CLANG_WARN_QUOTED_INCLUDE_IN_FRAMEWORK_HEADER = YES;
				CLANG_WARN_RANGE_LOOP_ANALYSIS = YES;
				CLANG_WARN_STRICT_PROTOTYPES = YES;
				CLANG_WARN_SUSPICIOUS_MOVE = YES;
				CLANG_WARN_UNGUARDED_AVAILABILITY = YES_AGGRESSIVE;
				CLANG_WARN_UNREACHABLE_CODE = YES;
				CLANG_WARN__DUPLICATE_METHOD_MATCH = YES;
				COPY_PHASE_STRIP = NO;
				CURRENT_PROJECT_VERSION = 1;
				DEBUG_INFORMATION_FORMAT = "dwarf-with-dsym";
				ENABLE_NS_ASSERTIONS = NO;
				ENABLE_STRICT_OBJC_MSGSEND = YES;
				GCC_C_LANGUAGE_STANDARD = gnu11;
				GCC_NO_COMMON_BLOCKS = YES;
				GCC_WARN_64_TO_32_BIT_CONVERSION = YES;
				GCC_WARN_ABOUT_RETURN_TYPE = YES_ERROR;
				GCC_WARN_UNDECLARED_SELECTOR = YES;
				GCC_WARN_UNINITIALIZED_AUTOS = YES_AGGRESSIVE;
				GCC_WARN_UNUSED_FUNCTION = YES;
				GCC_WARN_UNUSED_VARIABLE = YES;
				MACOSX_DEPLOYMENT_TARGET = 11.6;
				MTL_ENABLE_DEBUG_INFO = NO;
				MTL_FAST_MATH = YES;
				SDKROOT = macosx;
				SWIFT_COMPILATION_MODE = wholemodule;
				SWIFT_OPTIMIZATION_LEVEL = "-O";
				VERSIONING_SYSTEM = "apple-generic";
				VERSION_INFO_PREFIX = "";
			};
			name = Release;
		};
		237E23C027B414DE005EB1F4 /* Debug */ = {
			isa = XCBuildConfiguration;
			buildSettings = {
				CODE_SIGN_STYLE = Automatic;
				COMBINE_HIDPI_IMAGES = YES;
				CURRENT_PROJECT_VERSION = 1;
				DEFINES_MODULE = YES;
				DEVELOPMENT_TEAM = RE524LJXV2;
				DYLIB_COMPATIBILITY_VERSION = 1;
				DYLIB_CURRENT_VERSION = 1;
				DYLIB_INSTALL_NAME_BASE = "@rpath";
				GENERATE_INFOPLIST_FILE = YES;
				INFOPLIST_KEY_NSHumanReadableCopyright = "";
				INSTALL_PATH = "$(LOCAL_LIBRARY_DIR)/Frameworks";
				LD_RUNPATH_SEARCH_PATHS = (
					"$(inherited)",
					"@executable_path/../Frameworks",
					"@loader_path/Frameworks",
				);
				MARKETING_VERSION = 1.0;
				PRODUCT_BUNDLE_IDENTIFIER = com.stridesdevelopment.EssentalFeed;
				PRODUCT_NAME = "$(TARGET_NAME:c99extidentifier)";
				SKIP_INSTALL = YES;
				SWIFT_EMIT_LOC_STRINGS = YES;
				SWIFT_VERSION = 5.0;
			};
			name = Debug;
		};
		237E23C127B414DE005EB1F4 /* Release */ = {
			isa = XCBuildConfiguration;
			buildSettings = {
				CODE_SIGN_STYLE = Automatic;
				COMBINE_HIDPI_IMAGES = YES;
				CURRENT_PROJECT_VERSION = 1;
				DEFINES_MODULE = YES;
				DEVELOPMENT_TEAM = RE524LJXV2;
				DYLIB_COMPATIBILITY_VERSION = 1;
				DYLIB_CURRENT_VERSION = 1;
				DYLIB_INSTALL_NAME_BASE = "@rpath";
				GENERATE_INFOPLIST_FILE = YES;
				INFOPLIST_KEY_NSHumanReadableCopyright = "";
				INSTALL_PATH = "$(LOCAL_LIBRARY_DIR)/Frameworks";
				LD_RUNPATH_SEARCH_PATHS = (
					"$(inherited)",
					"@executable_path/../Frameworks",
					"@loader_path/Frameworks",
				);
				MARKETING_VERSION = 1.0;
				PRODUCT_BUNDLE_IDENTIFIER = com.stridesdevelopment.EssentalFeed;
				PRODUCT_NAME = "$(TARGET_NAME:c99extidentifier)";
				SKIP_INSTALL = YES;
				SWIFT_EMIT_LOC_STRINGS = YES;
				SWIFT_VERSION = 5.0;
			};
			name = Release;
		};
		237E23CD27B41536005EB1F4 /* Debug */ = {
			isa = XCBuildConfiguration;
			buildSettings = {
				ALWAYS_EMBED_SWIFT_STANDARD_LIBRARIES = YES;
				CODE_SIGN_STYLE = Automatic;
				CURRENT_PROJECT_VERSION = 1;
				DEVELOPMENT_TEAM = RE524LJXV2;
				GENERATE_INFOPLIST_FILE = YES;
				MARKETING_VERSION = 1.0;
				PRODUCT_BUNDLE_IDENTIFIER = com.stridesdevelopment.EssentalFeedTests;
				PRODUCT_NAME = "$(TARGET_NAME)";
				SWIFT_EMIT_LOC_STRINGS = NO;
				SWIFT_VERSION = 5.0;
			};
			name = Debug;
		};
		237E23CE27B41536005EB1F4 /* Release */ = {
			isa = XCBuildConfiguration;
			buildSettings = {
				ALWAYS_EMBED_SWIFT_STANDARD_LIBRARIES = YES;
				CODE_SIGN_STYLE = Automatic;
				CURRENT_PROJECT_VERSION = 1;
				DEVELOPMENT_TEAM = RE524LJXV2;
				GENERATE_INFOPLIST_FILE = YES;
				MARKETING_VERSION = 1.0;
				PRODUCT_BUNDLE_IDENTIFIER = com.stridesdevelopment.EssentalFeedTests;
				PRODUCT_NAME = "$(TARGET_NAME)";
				SWIFT_EMIT_LOC_STRINGS = NO;
				SWIFT_VERSION = 5.0;
			};
			name = Release;
		};
/* End XCBuildConfiguration section */

/* Begin XCConfigurationList section */
		237E23B027B414DE005EB1F4 /* Build configuration list for PBXProject "EssentalFeed" */ = {
			isa = XCConfigurationList;
			buildConfigurations = (
				237E23BD27B414DE005EB1F4 /* Debug */,
				237E23BE27B414DE005EB1F4 /* Release */,
			);
			defaultConfigurationIsVisible = 0;
			defaultConfigurationName = Release;
		};
		237E23BF27B414DE005EB1F4 /* Build configuration list for PBXNativeTarget "EssentalFeed" */ = {
			isa = XCConfigurationList;
			buildConfigurations = (
				237E23C027B414DE005EB1F4 /* Debug */,
				237E23C127B414DE005EB1F4 /* Release */,
			);
			defaultConfigurationIsVisible = 0;
			defaultConfigurationName = Release;
		};
		237E23CF27B41536005EB1F4 /* Build configuration list for PBXNativeTarget "EssentalFeedTests" */ = {
			isa = XCConfigurationList;
			buildConfigurations = (
				237E23CD27B41536005EB1F4 /* Debug */,
				237E23CE27B41536005EB1F4 /* Release */,
			);
			defaultConfigurationIsVisible = 0;
			defaultConfigurationName = Release;
		};
/* End XCConfigurationList section */
	};
	rootObject = 237E23AD27B414DE005EB1F4 /* Project object */;
}
